
Microsoft Visual Studio Solution File, Format Version 12.00
# Visual Studio Version 17
VisualStudioVersion = 17.5.002.0
MinimumVisualStudioVersion = 10.0.40219.1
Project("{2150E333-8FDC-42A3-9474-1A3956D46DE8}") = "src", "src", "{47EA77AF-E572-4B43-BFD0-AD428E542EC5}"
EndProject
Project("{9A19103F-16F7-4668-BE54-9A1E7A4F7556}") = "Full_GRASP_And_SOLID", "src\Library\Full_GRASP_And_SOLID.csproj", "{E1D2E63B-4569-4B99-8A30-D975E447C27F}"
EndProject
Project("{9A19103F-16F7-4668-BE54-9A1E7A4F7556}") = "Library", "src\Library\Library.csproj", "{15F7FC26-BCF9-4D34-B8D7-3470E26B87CE}"
EndProject
Project("{9A19103F-16F7-4668-BE54-9A1E7A4F7556}") = "Program", "src\Program\Program.csproj", "{610B0AA6-4802-4362-82B3-3E460C45A6EE}"
EndProject
Global
	GlobalSection(SolutionConfigurationPlatforms) = preSolution
		Debug|Any CPU = Debug|Any CPU
		Release|Any CPU = Release|Any CPU
	EndGlobalSection
	GlobalSection(ProjectConfigurationPlatforms) = postSolution
		{E1D2E63B-4569-4B99-8A30-D975E447C27F}.Debug|Any CPU.ActiveCfg = Debug|Any CPU
		{E1D2E63B-4569-4B99-8A30-D975E447C27F}.Debug|Any CPU.Build.0 = Debug|Any CPU
		{E1D2E63B-4569-4B99-8A30-D975E447C27F}.Release|Any CPU.ActiveCfg = Release|Any CPU
		{E1D2E63B-4569-4B99-8A30-D975E447C27F}.Release|Any CPU.Build.0 = Release|Any CPU
		{15F7FC26-BCF9-4D34-B8D7-3470E26B87CE}.Debug|Any CPU.ActiveCfg = Debug|Any CPU
		{15F7FC26-BCF9-4D34-B8D7-3470E26B87CE}.Debug|Any CPU.Build.0 = Debug|Any CPU
		{15F7FC26-BCF9-4D34-B8D7-3470E26B87CE}.Release|Any CPU.ActiveCfg = Release|Any CPU
		{15F7FC26-BCF9-4D34-B8D7-3470E26B87CE}.Release|Any CPU.Build.0 = Release|Any CPU
		{610B0AA6-4802-4362-82B3-3E460C45A6EE}.Debug|Any CPU.ActiveCfg = Debug|Any CPU
		{610B0AA6-4802-4362-82B3-3E460C45A6EE}.Debug|Any CPU.Build.0 = Debug|Any CPU
		{610B0AA6-4802-4362-82B3-3E460C45A6EE}.Release|Any CPU.ActiveCfg = Release|Any CPU
		{610B0AA6-4802-4362-82B3-3E460C45A6EE}.Release|Any CPU.Build.0 = Release|Any CPU
	EndGlobalSection
	GlobalSection(SolutionProperties) = preSolution
		HideSolutionNode = FALSE
	EndGlobalSection
	GlobalSection(NestedProjects) = preSolution
		{E1D2E63B-4569-4B99-8A30-D975E447C27F} = {47EA77AF-E572-4B43-BFD0-AD428E542EC5}
		{15F7FC26-BCF9-4D34-B8D7-3470E26B87CE} = {47EA77AF-E572-4B43-BFD0-AD428E542EC5}
		{610B0AA6-4802-4362-82B3-3E460C45A6EE} = {47EA77AF-E572-4B43-BFD0-AD428E542EC5}
	EndGlobalSection
	GlobalSection(ExtensibilityGlobals) = postSolution
		SolutionGuid = {ACAE8211-B046-4910-AD4B-864253FB3A38}
	EndGlobalSection
EndGlobal
